
Microsoft Visual Studio Solution File, Format Version 12.00
# Visual Studio 15
VisualStudioVersion = 15.0.27130.2003
MinimumVisualStudioVersion = 10.0.40219.1
Project("{8BC9CEB8-8B4A-11D0-8D11-00A0C91BC942}") = "Calc", "Calc\Calc.vcxproj", "{0CCC97E3-089D-454F-98CA-EB1447B8C72F}"
EndProject
Project("{8BC9CEB8-8B4A-11D0-8D11-00A0C91BC942}") = "Horse", "Horse\Horse.vcxproj", "{9543C452-C09A-4E53-99C9-8295A7F0CABF}"
EndProject
Project("{8BC9CEB8-8B4A-11D0-8D11-00A0C91BC942}") = "SubSequence", "SubSequence\SubSequence.vcxproj", "{383179E4-CD63-441E-B5A6-9C429EE46D31}"
EndProject
Project("{8BC9CEB8-8B4A-11D0-8D11-00A0C91BC942}") = "PathsWithBarriers", "PathsWithBarriers\PathsWithBarriers.vcxproj", "{A3315865-E72A-41F0-BAAC-AE691148D553}"
EndProject
Global
	GlobalSection(SolutionConfigurationPlatforms) = preSolution
		Debug|x64 = Debug|x64
		Debug|x86 = Debug|x86
		Release|x64 = Release|x64
		Release|x86 = Release|x86
	EndGlobalSection
	GlobalSection(ProjectConfigurationPlatforms) = postSolution
		{0CCC97E3-089D-454F-98CA-EB1447B8C72F}.Debug|x64.ActiveCfg = Debug|x64
		{0CCC97E3-089D-454F-98CA-EB1447B8C72F}.Debug|x64.Build.0 = Debug|x64
		{0CCC97E3-089D-454F-98CA-EB1447B8C72F}.Debug|x86.ActiveCfg = Debug|Win32
		{0CCC97E3-089D-454F-98CA-EB1447B8C72F}.Debug|x86.Build.0 = Debug|Win32
		{0CCC97E3-089D-454F-98CA-EB1447B8C72F}.Release|x64.ActiveCfg = Release|x64
		{0CCC97E3-089D-454F-98CA-EB1447B8C72F}.Release|x64.Build.0 = Release|x64
		{0CCC97E3-089D-454F-98CA-EB1447B8C72F}.Release|x86.ActiveCfg = Release|Win32
		{0CCC97E3-089D-454F-98CA-EB1447B8C72F}.Release|x86.Build.0 = Release|Win32
		{9543C452-C09A-4E53-99C9-8295A7F0CABF}.Debug|x64.ActiveCfg = Debug|x64
		{9543C452-C09A-4E53-99C9-8295A7F0CABF}.Debug|x64.Build.0 = Debug|x64
		{9543C452-C09A-4E53-99C9-8295A7F0CABF}.Debug|x86.ActiveCfg = Debug|Win32
		{9543C452-C09A-4E53-99C9-8295A7F0CABF}.Debug|x86.Build.0 = Debug|Win32
		{9543C452-C09A-4E53-99C9-8295A7F0CABF}.Release|x64.ActiveCfg = Release|x64
		{9543C452-C09A-4E53-99C9-8295A7F0CABF}.Release|x64.Build.0 = Release|x64
		{9543C452-C09A-4E53-99C9-8295A7F0CABF}.Release|x86.ActiveCfg = Release|Win32
		{9543C452-C09A-4E53-99C9-8295A7F0CABF}.Release|x86.Build.0 = Release|Win32
		{383179E4-CD63-441E-B5A6-9C429EE46D31}.Debug|x64.ActiveCfg = Debug|x64
		{383179E4-CD63-441E-B5A6-9C429EE46D31}.Debug|x64.Build.0 = Debug|x64
		{383179E4-CD63-441E-B5A6-9C429EE46D31}.Debug|x86.ActiveCfg = Debug|Win32
		{383179E4-CD63-441E-B5A6-9C429EE46D31}.Debug|x86.Build.0 = Debug|Win32
		{383179E4-CD63-441E-B5A6-9C429EE46D31}.Release|x64.ActiveCfg = Release|x64
		{383179E4-CD63-441E-B5A6-9C429EE46D31}.Release|x64.Build.0 = Release|x64
		{383179E4-CD63-441E-B5A6-9C429EE46D31}.Release|x86.ActiveCfg = Release|Win32
		{383179E4-CD63-441E-B5A6-9C429EE46D31}.Release|x86.Build.0 = Release|Win32
		{A3315865-E72A-41F0-BAAC-AE691148D553}.Debug|x64.ActiveCfg = Debug|x64
		{A3315865-E72A-41F0-BAAC-AE691148D553}.Debug|x64.Build.0 = Debug|x64
		{A3315865-E72A-41F0-BAAC-AE691148D553}.Debug|x86.ActiveCfg = Debug|Win32
		{A3315865-E72A-41F0-BAAC-AE691148D553}.Debug|x86.Build.0 = Debug|Win32
		{A3315865-E72A-41F0-BAAC-AE691148D553}.Release|x64.ActiveCfg = Release|x64
		{A3315865-E72A-41F0-BAAC-AE691148D553}.Release|x64.Build.0 = Release|x64
		{A3315865-E72A-41F0-BAAC-AE691148D553}.Release|x86.ActiveCfg = Release|Win32
		{A3315865-E72A-41F0-BAAC-AE691148D553}.Release|x86.Build.0 = Release|Win32
	EndGlobalSection
	GlobalSection(SolutionProperties) = preSolution
		HideSolutionNode = FALSE
	EndGlobalSection
	GlobalSection(ExtensibilityGlobals) = postSolution
		SolutionGuid = {7D885B33-5D27-4434-B2C6-DDCB59772691}
	EndGlobalSection
EndGlobal
