
Microsoft Visual Studio Solution File, Format Version 12.00
# Visual Studio 15
VisualStudioVersion = 15.0.27130.2010
MinimumVisualStudioVersion = 10.0.40219.1
Project("{8BC9CEB8-8B4A-11D0-8D11-00A0C91BC942}") = "QueueStackList", "StackList\StackList.vcxproj", "{273BDF84-0B1C-40F4-9293-229EB7766E83}"
EndProject
Project("{8BC9CEB8-8B4A-11D0-8D11-00A0C91BC942}") = "BracketsSequence", "BracketsSequence\BracketsSequence.vcxproj", "{28CEA67B-3E77-42C9-9C0A-30C5F796948D}"
EndProject
Project("{8BC9CEB8-8B4A-11D0-8D11-00A0C91BC942}") = "TenToTwo", "TenToTwo\TenToTwo.vcxproj", "{B844ED67-D654-4521-AD87-AB41E204B59E}"
EndProject
Project("{8BC9CEB8-8B4A-11D0-8D11-00A0C91BC942}") = "Deq", "Deq\Deq.vcxproj", "{3B184EA0-F0C2-42A1-B9C4-034B057FF714}"
EndProject
Global
	GlobalSection(SolutionConfigurationPlatforms) = preSolution
		Debug|x64 = Debug|x64
		Debug|x86 = Debug|x86
		Release|x64 = Release|x64
		Release|x86 = Release|x86
	EndGlobalSection
	GlobalSection(ProjectConfigurationPlatforms) = postSolution
		{273BDF84-0B1C-40F4-9293-229EB7766E83}.Debug|x64.ActiveCfg = Debug|x64
		{273BDF84-0B1C-40F4-9293-229EB7766E83}.Debug|x64.Build.0 = Debug|x64
		{273BDF84-0B1C-40F4-9293-229EB7766E83}.Debug|x86.ActiveCfg = Debug|Win32
		{273BDF84-0B1C-40F4-9293-229EB7766E83}.Debug|x86.Build.0 = Debug|Win32
		{273BDF84-0B1C-40F4-9293-229EB7766E83}.Release|x64.ActiveCfg = Release|x64
		{273BDF84-0B1C-40F4-9293-229EB7766E83}.Release|x64.Build.0 = Release|x64
		{273BDF84-0B1C-40F4-9293-229EB7766E83}.Release|x86.ActiveCfg = Release|Win32
		{273BDF84-0B1C-40F4-9293-229EB7766E83}.Release|x86.Build.0 = Release|Win32
		{28CEA67B-3E77-42C9-9C0A-30C5F796948D}.Debug|x64.ActiveCfg = Debug|x64
		{28CEA67B-3E77-42C9-9C0A-30C5F796948D}.Debug|x64.Build.0 = Debug|x64
		{28CEA67B-3E77-42C9-9C0A-30C5F796948D}.Debug|x86.ActiveCfg = Debug|Win32
		{28CEA67B-3E77-42C9-9C0A-30C5F796948D}.Debug|x86.Build.0 = Debug|Win32
		{28CEA67B-3E77-42C9-9C0A-30C5F796948D}.Release|x64.ActiveCfg = Release|x64
		{28CEA67B-3E77-42C9-9C0A-30C5F796948D}.Release|x64.Build.0 = Release|x64
		{28CEA67B-3E77-42C9-9C0A-30C5F796948D}.Release|x86.ActiveCfg = Release|Win32
		{28CEA67B-3E77-42C9-9C0A-30C5F796948D}.Release|x86.Build.0 = Release|Win32
		{B844ED67-D654-4521-AD87-AB41E204B59E}.Debug|x64.ActiveCfg = Debug|x64
		{B844ED67-D654-4521-AD87-AB41E204B59E}.Debug|x64.Build.0 = Debug|x64
		{B844ED67-D654-4521-AD87-AB41E204B59E}.Debug|x86.ActiveCfg = Debug|Win32
		{B844ED67-D654-4521-AD87-AB41E204B59E}.Debug|x86.Build.0 = Debug|Win32
		{B844ED67-D654-4521-AD87-AB41E204B59E}.Release|x64.ActiveCfg = Release|x64
		{B844ED67-D654-4521-AD87-AB41E204B59E}.Release|x64.Build.0 = Release|x64
		{B844ED67-D654-4521-AD87-AB41E204B59E}.Release|x86.ActiveCfg = Release|Win32
		{B844ED67-D654-4521-AD87-AB41E204B59E}.Release|x86.Build.0 = Release|Win32
		{3B184EA0-F0C2-42A1-B9C4-034B057FF714}.Debug|x64.ActiveCfg = Debug|x64
		{3B184EA0-F0C2-42A1-B9C4-034B057FF714}.Debug|x64.Build.0 = Debug|x64
		{3B184EA0-F0C2-42A1-B9C4-034B057FF714}.Debug|x86.ActiveCfg = Debug|Win32
		{3B184EA0-F0C2-42A1-B9C4-034B057FF714}.Debug|x86.Build.0 = Debug|Win32
		{3B184EA0-F0C2-42A1-B9C4-034B057FF714}.Release|x64.ActiveCfg = Release|x64
		{3B184EA0-F0C2-42A1-B9C4-034B057FF714}.Release|x64.Build.0 = Release|x64
		{3B184EA0-F0C2-42A1-B9C4-034B057FF714}.Release|x86.ActiveCfg = Release|Win32
		{3B184EA0-F0C2-42A1-B9C4-034B057FF714}.Release|x86.Build.0 = Release|Win32
	EndGlobalSection
	GlobalSection(SolutionProperties) = preSolution
		HideSolutionNode = FALSE
	EndGlobalSection
	GlobalSection(ExtensibilityGlobals) = postSolution
		SolutionGuid = {635B1D7B-404A-41FB-A974-4ABEADADF607}
	EndGlobalSection
EndGlobal
